
Microsoft Visual Studio Solution File, Format Version 12.00
# Visual Studio 2013
VisualStudioVersion = 12.0.40629.0
MinimumVisualStudioVersion = 10.0.40219.1
Project("{FAE04EC0-301F-11D3-BF4B-00C04F79EFBC}") = "XWeb.Core", "XWeb.Core\XWeb.Core.csproj", "{53399D9D-81F9-400F-935A-F1594B7722BF}"
EndProject
Project("{2150E333-8FDC-42A3-9474-1A3956D46DE8}") = "Tests", "Tests", "{4FFD6FA1-D2A7-488B-8F0A-789EE6FF0523}"
EndProject
Project("{FAE04EC0-301F-11D3-BF4B-00C04F79EFBC}") = "XWeb.Core.Tests", "Tests\XWeb.Core.Tests\XWeb.Core.Tests.csproj", "{6575393E-F539-48BF-A4CB-4A1AEB67967F}"
EndProject
Project("{2150E333-8FDC-42A3-9474-1A3956D46DE8}") = "Src", "Src", "{EFAA2227-CE9A-4D56-9E17-2257D66CB942}"
EndProject
Global
	GlobalSection(SolutionConfigurationPlatforms) = preSolution
		Debug|Any CPU = Debug|Any CPU
		Release|Any CPU = Release|Any CPU
	EndGlobalSection
	GlobalSection(ProjectConfigurationPlatforms) = postSolution
		{53399D9D-81F9-400F-935A-F1594B7722BF}.Debug|Any CPU.ActiveCfg = Debug|Any CPU
		{53399D9D-81F9-400F-935A-F1594B7722BF}.Debug|Any CPU.Build.0 = Debug|Any CPU
		{53399D9D-81F9-400F-935A-F1594B7722BF}.Release|Any CPU.ActiveCfg = Release|Any CPU
		{53399D9D-81F9-400F-935A-F1594B7722BF}.Release|Any CPU.Build.0 = Release|Any CPU
		{6575393E-F539-48BF-A4CB-4A1AEB67967F}.Debug|Any CPU.ActiveCfg = Debug|Any CPU
		{6575393E-F539-48BF-A4CB-4A1AEB67967F}.Debug|Any CPU.Build.0 = Debug|Any CPU
		{6575393E-F539-48BF-A4CB-4A1AEB67967F}.Release|Any CPU.ActiveCfg = Release|Any CPU
		{6575393E-F539-48BF-A4CB-4A1AEB67967F}.Release|Any CPU.Build.0 = Release|Any CPU
	EndGlobalSection
	GlobalSection(SolutionProperties) = preSolution
		HideSolutionNode = FALSE
	EndGlobalSection
	GlobalSection(NestedProjects) = preSolution
		{53399D9D-81F9-400F-935A-F1594B7722BF} = {EFAA2227-CE9A-4D56-9E17-2257D66CB942}
		{6575393E-F539-48BF-A4CB-4A1AEB67967F} = {4FFD6FA1-D2A7-488B-8F0A-789EE6FF0523}
	EndGlobalSection
EndGlobal
